// !$*UTF8*$!
{
	archiveVersion = 1;
	classes = {
	};
	objectVersion = 46;
	objects = {

/* Begin PBXBuildFile section */
		E25BE2D91AE45C250078C504 /* AppDelegate.swift in Sources */ = {isa = PBXBuildFile; fileRef = E25BE2D81AE45C250078C504 /* AppDelegate.swift */; };
		E25BE2DB1AE45C250078C504 /* ViewController.swift in Sources */ = {isa = PBXBuildFile; fileRef = E25BE2DA1AE45C250078C504 /* ViewController.swift */; };
		E25BE2DE1AE45C250078C504 /* Main.storyboard in Resources */ = {isa = PBXBuildFile; fileRef = E25BE2DC1AE45C250078C504 /* Main.storyboard */; };
		E25BE2E01AE45C250078C504 /* Images.xcassets in Resources */ = {isa = PBXBuildFile; fileRef = E25BE2DF1AE45C250078C504 /* Images.xcassets */; };
		E25BE2E31AE45C250078C504 /* LaunchScreen.xib in Resources */ = {isa = PBXBuildFile; fileRef = E25BE2E11AE45C250078C504 /* LaunchScreen.xib */; };
		E25BE2EF1AE45C250078C504 /* TESTTests.swift in Sources */ = {isa = PBXBuildFile; fileRef = E25BE2EE1AE45C250078C504 /* TESTTests.swift */; };
		E2A674821AE8B20800D3AC19 /* test5.jpg in Resources */ = {isa = PBXBuildFile; fileRef = E2A674811AE8B20800D3AC19 /* test5.jpg */; };
		E2A674841AE8B2E100D3AC19 /* test6.png in Resources */ = {isa = PBXBuildFile; fileRef = E2A674831AE8B2E100D3AC19 /* test6.png */; };
		E2A674901AE8BD4700D3AC19 /* test12.jpg in Resources */ = {isa = PBXBuildFile; fileRef = E2A6748F1AE8BD4700D3AC19 /* test12.jpg */; };
		E2A674921AE8C09E00D3AC19 /* test13.jpg in Resources */ = {isa = PBXBuildFile; fileRef = E2A674911AE8C09E00D3AC19 /* test13.jpg */; };
		E2B9CB4F1AE9D77F00A6B53C /* test4.jpg in Resources */ = {isa = PBXBuildFile; fileRef = E2B9CB4E1AE9D77F00A6B53C /* test4.jpg */; };
		EDB7CE101AE5DDEC009CA374 /* HappySarah.mp4 in Resources */ = {isa = PBXBuildFile; fileRef = EDB7CE0F1AE5DDEC009CA374 /* HappySarah.mp4 */; };
<<<<<<< HEAD
		EDB7CE171AE5DFEC009CA374 /* Happy.png in Resources */ = {isa = PBXBuildFile; fileRef = EDB7CE111AE5DFEC009CA374 /* Happy.png */; };
		EDB7CE181AE5DFEC009CA374 /* Mad.png in Resources */ = {isa = PBXBuildFile; fileRef = EDB7CE121AE5DFEC009CA374 /* Mad.png */; };
		EDB7CE191AE5DFEC009CA374 /* Sad.png in Resources */ = {isa = PBXBuildFile; fileRef = EDB7CE131AE5DFEC009CA374 /* Sad.png */; };
		EDB7CE1A1AE5DFEC009CA374 /* Scared.png in Resources */ = {isa = PBXBuildFile; fileRef = EDB7CE141AE5DFEC009CA374 /* Scared.png */; };
		EDB7CE1B1AE5DFEC009CA374 /* test.mp4 in Resources */ = {isa = PBXBuildFile; fileRef = EDB7CE151AE5DFEC009CA374 /* test.mp4 */; };
		EDB7CE1C1AE5DFEC009CA374 /* Worried.png in Resources */ = {isa = PBXBuildFile; fileRef = EDB7CE161AE5DFEC009CA374 /* Worried.png */; };
		EDB7CE1E1AE9D9FF009CA374 /* AnswerScreen.swift in Sources */ = {isa = PBXBuildFile; fileRef = EDB7CE1D1AE9D9FF009CA374 /* AnswerScreen.swift */; };
=======
>>>>>>> origin/master
		EDF750351AE819EE0082EE97 /* FriendScreen.swift in Sources */ = {isa = PBXBuildFile; fileRef = EDF750341AE819EE0082EE97 /* FriendScreen.swift */; };
		EDF750361AE826360082EE97 /* SadJenny.mp4 in Resources */ = {isa = PBXBuildFile; fileRef = E23232C11AE73DCF00D33D36 /* SadJenny.mp4 */; };
		EDF750371AE826360082EE97 /* ScaredDavid.mp4 in Resources */ = {isa = PBXBuildFile; fileRef = E23232C21AE73DD500D33D36 /* ScaredDavid.mp4 */; };
		EDF750381AE826360082EE97 /* MadBrian.mp4 in Resources */ = {isa = PBXBuildFile; fileRef = E23232C01AE73DC800D33D36 /* MadBrian.mp4 */; };
/* End PBXBuildFile section */

/* Begin PBXContainerItemProxy section */
		E25BE2E91AE45C250078C504 /* PBXContainerItemProxy */ = {
			isa = PBXContainerItemProxy;
			containerPortal = E25BE2CB1AE45C250078C504 /* Project object */;
			proxyType = 1;
			remoteGlobalIDString = E25BE2D21AE45C250078C504;
			remoteInfo = TEST;
		};
/* End PBXContainerItemProxy section */

/* Begin PBXFileReference section */
		E23232C01AE73DC800D33D36 /* MadBrian.mp4 */ = {isa = PBXFileReference; lastKnownFileType = file; path = MadBrian.mp4; sourceTree = SOURCE_ROOT; };
		E23232C11AE73DCF00D33D36 /* SadJenny.mp4 */ = {isa = PBXFileReference; lastKnownFileType = file; path = SadJenny.mp4; sourceTree = SOURCE_ROOT; };
		E23232C21AE73DD500D33D36 /* ScaredDavid.mp4 */ = {isa = PBXFileReference; lastKnownFileType = file; path = ScaredDavid.mp4; sourceTree = SOURCE_ROOT; };
		E25BE2D31AE45C250078C504 /* TEST.app */ = {isa = PBXFileReference; explicitFileType = wrapper.application; includeInIndex = 0; path = TEST.app; sourceTree = BUILT_PRODUCTS_DIR; };
		E25BE2D71AE45C250078C504 /* Info.plist */ = {isa = PBXFileReference; lastKnownFileType = text.plist.xml; path = Info.plist; sourceTree = "<group>"; };
		E25BE2D81AE45C250078C504 /* AppDelegate.swift */ = {isa = PBXFileReference; lastKnownFileType = sourcecode.swift; path = AppDelegate.swift; sourceTree = "<group>"; };
		E25BE2DA1AE45C250078C504 /* ViewController.swift */ = {isa = PBXFileReference; lastKnownFileType = sourcecode.swift; path = ViewController.swift; sourceTree = "<group>"; };
		E25BE2DD1AE45C250078C504 /* Base */ = {isa = PBXFileReference; lastKnownFileType = file.storyboard; name = Base; path = Base.lproj/Main.storyboard; sourceTree = "<group>"; };
		E25BE2DF1AE45C250078C504 /* Images.xcassets */ = {isa = PBXFileReference; lastKnownFileType = folder.assetcatalog; path = Images.xcassets; sourceTree = "<group>"; };
		E25BE2E21AE45C250078C504 /* Base */ = {isa = PBXFileReference; lastKnownFileType = file.xib; name = Base; path = Base.lproj/LaunchScreen.xib; sourceTree = "<group>"; };
		E25BE2E81AE45C250078C504 /* TESTTests.xctest */ = {isa = PBXFileReference; explicitFileType = wrapper.cfbundle; includeInIndex = 0; path = TESTTests.xctest; sourceTree = BUILT_PRODUCTS_DIR; };
		E25BE2ED1AE45C250078C504 /* Info.plist */ = {isa = PBXFileReference; lastKnownFileType = text.plist.xml; path = Info.plist; sourceTree = "<group>"; };
		E25BE2EE1AE45C250078C504 /* TESTTests.swift */ = {isa = PBXFileReference; lastKnownFileType = sourcecode.swift; path = TESTTests.swift; sourceTree = "<group>"; };
		E2A674811AE8B20800D3AC19 /* test5.jpg */ = {isa = PBXFileReference; lastKnownFileType = image.jpeg; path = test5.jpg; sourceTree = "<group>"; };
		E2A674831AE8B2E100D3AC19 /* test6.png */ = {isa = PBXFileReference; lastKnownFileType = image.png; path = test6.png; sourceTree = "<group>"; };
		E2A6748F1AE8BD4700D3AC19 /* test12.jpg */ = {isa = PBXFileReference; lastKnownFileType = image.jpeg; path = test12.jpg; sourceTree = "<group>"; };
		E2A674911AE8C09E00D3AC19 /* test13.jpg */ = {isa = PBXFileReference; lastKnownFileType = image.jpeg; path = test13.jpg; sourceTree = "<group>"; };
		E2B9CB4E1AE9D77F00A6B53C /* test4.jpg */ = {isa = PBXFileReference; lastKnownFileType = image.jpeg; path = test4.jpg; sourceTree = "<group>"; };
		EDB7CE0F1AE5DDEC009CA374 /* HappySarah.mp4 */ = {isa = PBXFileReference; lastKnownFileType = file; path = HappySarah.mp4; sourceTree = SOURCE_ROOT; };
		EDB7CE111AE5DFEC009CA374 /* Happy.png */ = {isa = PBXFileReference; lastKnownFileType = image.png; name = Happy.png; path = Emotions/Happy.png; sourceTree = SOURCE_ROOT; };
		EDB7CE121AE5DFEC009CA374 /* Mad.png */ = {isa = PBXFileReference; lastKnownFileType = image.png; name = Mad.png; path = Emotions/Mad.png; sourceTree = SOURCE_ROOT; };
		EDB7CE131AE5DFEC009CA374 /* Sad.png */ = {isa = PBXFileReference; lastKnownFileType = image.png; name = Sad.png; path = Emotions/Sad.png; sourceTree = SOURCE_ROOT; };
		EDB7CE141AE5DFEC009CA374 /* Scared.png */ = {isa = PBXFileReference; lastKnownFileType = image.png; name = Scared.png; path = Emotions/Scared.png; sourceTree = SOURCE_ROOT; };
		EDB7CE161AE5DFEC009CA374 /* Worried.png */ = {isa = PBXFileReference; lastKnownFileType = image.png; name = Worried.png; path = Emotions/Worried.png; sourceTree = SOURCE_ROOT; };
		EDB7CE1D1AE9D9FF009CA374 /* AnswerScreen.swift */ = {isa = PBXFileReference; fileEncoding = 4; lastKnownFileType = sourcecode.swift; path = AnswerScreen.swift; sourceTree = "<group>"; };
		EDF750341AE819EE0082EE97 /* FriendScreen.swift */ = {isa = PBXFileReference; fileEncoding = 4; lastKnownFileType = sourcecode.swift; path = FriendScreen.swift; sourceTree = "<group>"; };
/* End PBXFileReference section */

/* Begin PBXFrameworksBuildPhase section */
		E25BE2D01AE45C250078C504 /* Frameworks */ = {
			isa = PBXFrameworksBuildPhase;
			buildActionMask = 2147483647;
			files = (
			);
			runOnlyForDeploymentPostprocessing = 0;
		};
		E25BE2E51AE45C250078C504 /* Frameworks */ = {
			isa = PBXFrameworksBuildPhase;
			buildActionMask = 2147483647;
			files = (
			);
			runOnlyForDeploymentPostprocessing = 0;
		};
/* End PBXFrameworksBuildPhase section */

/* Begin PBXGroup section */
		E25BE2CA1AE45C250078C504 = {
			isa = PBXGroup;
			children = (
				E2A674811AE8B20800D3AC19 /* test5.jpg */,
				E25BE2D51AE45C250078C504 /* TEST */,
				E25BE2EB1AE45C250078C504 /* TESTTests */,
				E25BE2D41AE45C250078C504 /* Products */,
			);
			sourceTree = "<group>";
		};
		E25BE2D41AE45C250078C504 /* Products */ = {
			isa = PBXGroup;
			children = (
				E25BE2D31AE45C250078C504 /* TEST.app */,
				E25BE2E81AE45C250078C504 /* TESTTests.xctest */,
			);
			name = Products;
			sourceTree = "<group>";
		};
		E25BE2D51AE45C250078C504 /* TEST */ = {
			isa = PBXGroup;
			children = (
				E25BE2D81AE45C250078C504 /* AppDelegate.swift */,
				E25BE2DA1AE45C250078C504 /* ViewController.swift */,
				E25BE2DC1AE45C250078C504 /* Main.storyboard */,
				EDF750341AE819EE0082EE97 /* FriendScreen.swift */,
				E25BE2DF1AE45C250078C504 /* Images.xcassets */,
				E25BE2E11AE45C250078C504 /* LaunchScreen.xib */,
				EDB7CE1D1AE9D9FF009CA374 /* AnswerScreen.swift */,
				E25BE2D61AE45C250078C504 /* Supporting Files */,
			);
			path = TEST;
			sourceTree = "<group>";
		};
		E25BE2D61AE45C250078C504 /* Supporting Files */ = {
			isa = PBXGroup;
			children = (
				E2B9CB4E1AE9D77F00A6B53C /* test4.jpg */,
				E2A674831AE8B2E100D3AC19 /* test6.png */,
				E2A6748F1AE8BD4700D3AC19 /* test12.jpg */,
				E2A674911AE8C09E00D3AC19 /* test13.jpg */,
				EDB7CE111AE5DFEC009CA374 /* Happy.png */,
				EDB7CE121AE5DFEC009CA374 /* Mad.png */,
				EDB7CE131AE5DFEC009CA374 /* Sad.png */,
				EDB7CE141AE5DFEC009CA374 /* Scared.png */,
				E23232C11AE73DCF00D33D36 /* SadJenny.mp4 */,
				E23232C21AE73DD500D33D36 /* ScaredDavid.mp4 */,
				E23232C01AE73DC800D33D36 /* MadBrian.mp4 */,
				EDB7CE161AE5DFEC009CA374 /* Worried.png */,
				EDB7CE0F1AE5DDEC009CA374 /* HappySarah.mp4 */,
				E25BE2D71AE45C250078C504 /* Info.plist */,
			);
			name = "Supporting Files";
			sourceTree = "<group>";
		};
		E25BE2EB1AE45C250078C504 /* TESTTests */ = {
			isa = PBXGroup;
			children = (
				E25BE2EE1AE45C250078C504 /* TESTTests.swift */,
				E25BE2EC1AE45C250078C504 /* Supporting Files */,
			);
			path = TESTTests;
			sourceTree = "<group>";
		};
		E25BE2EC1AE45C250078C504 /* Supporting Files */ = {
			isa = PBXGroup;
			children = (
				E25BE2ED1AE45C250078C504 /* Info.plist */,
			);
			name = "Supporting Files";
			sourceTree = "<group>";
		};
/* End PBXGroup section */

/* Begin PBXNativeTarget section */
		E25BE2D21AE45C250078C504 /* TEST */ = {
			isa = PBXNativeTarget;
			buildConfigurationList = E25BE2F21AE45C250078C504 /* Build configuration list for PBXNativeTarget "TEST" */;
			buildPhases = (
				E25BE2CF1AE45C250078C504 /* Sources */,
				E25BE2D01AE45C250078C504 /* Frameworks */,
				E25BE2D11AE45C250078C504 /* Resources */,
			);
			buildRules = (
			);
			dependencies = (
			);
			name = TEST;
			productName = TEST;
			productReference = E25BE2D31AE45C250078C504 /* TEST.app */;
			productType = "com.apple.product-type.application";
		};
		E25BE2E71AE45C250078C504 /* TESTTests */ = {
			isa = PBXNativeTarget;
			buildConfigurationList = E25BE2F51AE45C250078C504 /* Build configuration list for PBXNativeTarget "TESTTests" */;
			buildPhases = (
				E25BE2E41AE45C250078C504 /* Sources */,
				E25BE2E51AE45C250078C504 /* Frameworks */,
				E25BE2E61AE45C250078C504 /* Resources */,
			);
			buildRules = (
			);
			dependencies = (
				E25BE2EA1AE45C250078C504 /* PBXTargetDependency */,
			);
			name = TESTTests;
			productName = TESTTests;
			productReference = E25BE2E81AE45C250078C504 /* TESTTests.xctest */;
			productType = "com.apple.product-type.bundle.unit-test";
		};
/* End PBXNativeTarget section */

/* Begin PBXProject section */
		E25BE2CB1AE45C250078C504 /* Project object */ = {
			isa = PBXProject;
			attributes = {
				LastUpgradeCheck = 0630;
				ORGANIZATIONNAME = "Kevin Chen";
				TargetAttributes = {
					E25BE2D21AE45C250078C504 = {
						CreatedOnToolsVersion = 6.3;
					};
					E25BE2E71AE45C250078C504 = {
						CreatedOnToolsVersion = 6.3;
						TestTargetID = E25BE2D21AE45C250078C504;
					};
				};
			};
			buildConfigurationList = E25BE2CE1AE45C250078C504 /* Build configuration list for PBXProject "TEST" */;
			compatibilityVersion = "Xcode 3.2";
			developmentRegion = English;
			hasScannedForEncodings = 0;
			knownRegions = (
				en,
				Base,
			);
			mainGroup = E25BE2CA1AE45C250078C504;
			productRefGroup = E25BE2D41AE45C250078C504 /* Products */;
			projectDirPath = "";
			projectRoot = "";
			targets = (
				E25BE2D21AE45C250078C504 /* TEST */,
				E25BE2E71AE45C250078C504 /* TESTTests */,
			);
		};
/* End PBXProject section */

/* Begin PBXResourcesBuildPhase section */
		E25BE2D11AE45C250078C504 /* Resources */ = {
			isa = PBXResourcesBuildPhase;
			buildActionMask = 2147483647;
			files = (
				EDF750361AE826360082EE97 /* SadJenny.mp4 in Resources */,
				E2A674901AE8BD4700D3AC19 /* test12.jpg in Resources */,
				EDF750371AE826360082EE97 /* ScaredDavid.mp4 in Resources */,
				E2B9CB4F1AE9D77F00A6B53C /* test4.jpg in Resources */,
				EDF750381AE826360082EE97 /* MadBrian.mp4 in Resources */,
				E2A674841AE8B2E100D3AC19 /* test6.png in Resources */,
				E25BE2DE1AE45C250078C504 /* Main.storyboard in Resources */,
				E25BE2E31AE45C250078C504 /* LaunchScreen.xib in Resources */,
				EDB7CE101AE5DDEC009CA374 /* HappySarah.mp4 in Resources */,
				E2A674921AE8C09E00D3AC19 /* test13.jpg in Resources */,
				E2A674821AE8B20800D3AC19 /* test5.jpg in Resources */,
				E25BE2E01AE45C250078C504 /* Images.xcassets in Resources */,
			);
			runOnlyForDeploymentPostprocessing = 0;
		};
		E25BE2E61AE45C250078C504 /* Resources */ = {
			isa = PBXResourcesBuildPhase;
			buildActionMask = 2147483647;
			files = (
			);
			runOnlyForDeploymentPostprocessing = 0;
		};
/* End PBXResourcesBuildPhase section */

/* Begin PBXSourcesBuildPhase section */
		E25BE2CF1AE45C250078C504 /* Sources */ = {
			isa = PBXSourcesBuildPhase;
			buildActionMask = 2147483647;
			files = (
				E25BE2DB1AE45C250078C504 /* ViewController.swift in Sources */,
				EDB7CE1E1AE9D9FF009CA374 /* AnswerScreen.swift in Sources */,
				EDF750351AE819EE0082EE97 /* FriendScreen.swift in Sources */,
				E25BE2D91AE45C250078C504 /* AppDelegate.swift in Sources */,
			);
			runOnlyForDeploymentPostprocessing = 0;
		};
		E25BE2E41AE45C250078C504 /* Sources */ = {
			isa = PBXSourcesBuildPhase;
			buildActionMask = 2147483647;
			files = (
				E25BE2EF1AE45C250078C504 /* TESTTests.swift in Sources */,
			);
			runOnlyForDeploymentPostprocessing = 0;
		};
/* End PBXSourcesBuildPhase section */

/* Begin PBXTargetDependency section */
		E25BE2EA1AE45C250078C504 /* PBXTargetDependency */ = {
			isa = PBXTargetDependency;
			target = E25BE2D21AE45C250078C504 /* TEST */;
			targetProxy = E25BE2E91AE45C250078C504 /* PBXContainerItemProxy */;
		};
/* End PBXTargetDependency section */

/* Begin PBXVariantGroup section */
		E25BE2DC1AE45C250078C504 /* Main.storyboard */ = {
			isa = PBXVariantGroup;
			children = (
				E25BE2DD1AE45C250078C504 /* Base */,
			);
			name = Main.storyboard;
			sourceTree = "<group>";
		};
		E25BE2E11AE45C250078C504 /* LaunchScreen.xib */ = {
			isa = PBXVariantGroup;
			children = (
				E25BE2E21AE45C250078C504 /* Base */,
			);
			name = LaunchScreen.xib;
			sourceTree = "<group>";
		};
/* End PBXVariantGroup section */

/* Begin XCBuildConfiguration section */
		E25BE2F01AE45C250078C504 /* Debug */ = {
			isa = XCBuildConfiguration;
			buildSettings = {
				ALWAYS_SEARCH_USER_PATHS = NO;
				CLANG_CXX_LANGUAGE_STANDARD = "gnu++0x";
				CLANG_CXX_LIBRARY = "libc++";
				CLANG_ENABLE_MODULES = YES;
				CLANG_ENABLE_OBJC_ARC = YES;
				CLANG_WARN_BOOL_CONVERSION = YES;
				CLANG_WARN_CONSTANT_CONVERSION = YES;
				CLANG_WARN_DIRECT_OBJC_ISA_USAGE = YES_ERROR;
				CLANG_WARN_EMPTY_BODY = YES;
				CLANG_WARN_ENUM_CONVERSION = YES;
				CLANG_WARN_INT_CONVERSION = YES;
				CLANG_WARN_OBJC_ROOT_CLASS = YES_ERROR;
				CLANG_WARN_UNREACHABLE_CODE = YES;
				CLANG_WARN__DUPLICATE_METHOD_MATCH = YES;
				"CODE_SIGN_IDENTITY[sdk=iphoneos*]" = "iPhone Developer";
				COPY_PHASE_STRIP = NO;
				DEBUG_INFORMATION_FORMAT = "dwarf-with-dsym";
				ENABLE_STRICT_OBJC_MSGSEND = YES;
				GCC_C_LANGUAGE_STANDARD = gnu99;
				GCC_DYNAMIC_NO_PIC = NO;
				GCC_NO_COMMON_BLOCKS = YES;
				GCC_OPTIMIZATION_LEVEL = 0;
				GCC_PREPROCESSOR_DEFINITIONS = (
					"DEBUG=1",
					"$(inherited)",
				);
				GCC_SYMBOLS_PRIVATE_EXTERN = NO;
				GCC_WARN_64_TO_32_BIT_CONVERSION = YES;
				GCC_WARN_ABOUT_RETURN_TYPE = YES_ERROR;
				GCC_WARN_UNDECLARED_SELECTOR = YES;
				GCC_WARN_UNINITIALIZED_AUTOS = YES_AGGRESSIVE;
				GCC_WARN_UNUSED_FUNCTION = YES;
				GCC_WARN_UNUSED_VARIABLE = YES;
				IPHONEOS_DEPLOYMENT_TARGET = 8.3;
				MTL_ENABLE_DEBUG_INFO = YES;
				ONLY_ACTIVE_ARCH = YES;
				SDKROOT = iphoneos;
				SWIFT_OPTIMIZATION_LEVEL = "-Onone";
				TARGETED_DEVICE_FAMILY = "1,2";
			};
			name = Debug;
		};
		E25BE2F11AE45C250078C504 /* Release */ = {
			isa = XCBuildConfiguration;
			buildSettings = {
				ALWAYS_SEARCH_USER_PATHS = NO;
				CLANG_CXX_LANGUAGE_STANDARD = "gnu++0x";
				CLANG_CXX_LIBRARY = "libc++";
				CLANG_ENABLE_MODULES = YES;
				CLANG_ENABLE_OBJC_ARC = YES;
				CLANG_WARN_BOOL_CONVERSION = YES;
				CLANG_WARN_CONSTANT_CONVERSION = YES;
				CLANG_WARN_DIRECT_OBJC_ISA_USAGE = YES_ERROR;
				CLANG_WARN_EMPTY_BODY = YES;
				CLANG_WARN_ENUM_CONVERSION = YES;
				CLANG_WARN_INT_CONVERSION = YES;
				CLANG_WARN_OBJC_ROOT_CLASS = YES_ERROR;
				CLANG_WARN_UNREACHABLE_CODE = YES;
				CLANG_WARN__DUPLICATE_METHOD_MATCH = YES;
				"CODE_SIGN_IDENTITY[sdk=iphoneos*]" = "iPhone Developer";
				COPY_PHASE_STRIP = NO;
				DEBUG_INFORMATION_FORMAT = "dwarf-with-dsym";
				ENABLE_NS_ASSERTIONS = NO;
				ENABLE_STRICT_OBJC_MSGSEND = YES;
				GCC_C_LANGUAGE_STANDARD = gnu99;
				GCC_NO_COMMON_BLOCKS = YES;
				GCC_WARN_64_TO_32_BIT_CONVERSION = YES;
				GCC_WARN_ABOUT_RETURN_TYPE = YES_ERROR;
				GCC_WARN_UNDECLARED_SELECTOR = YES;
				GCC_WARN_UNINITIALIZED_AUTOS = YES_AGGRESSIVE;
				GCC_WARN_UNUSED_FUNCTION = YES;
				GCC_WARN_UNUSED_VARIABLE = YES;
				IPHONEOS_DEPLOYMENT_TARGET = 8.3;
				MTL_ENABLE_DEBUG_INFO = NO;
				SDKROOT = iphoneos;
				TARGETED_DEVICE_FAMILY = "1,2";
				VALIDATE_PRODUCT = YES;
			};
			name = Release;
		};
		E25BE2F31AE45C250078C504 /* Debug */ = {
			isa = XCBuildConfiguration;
			buildSettings = {
				ASSETCATALOG_COMPILER_APPICON_NAME = AppIcon;
				INFOPLIST_FILE = TEST/Info.plist;
				IPHONEOS_DEPLOYMENT_TARGET = 7.1;
				LD_RUNPATH_SEARCH_PATHS = "$(inherited) @executable_path/Frameworks";
				PRODUCT_NAME = "$(TARGET_NAME)";
				TARGETED_DEVICE_FAMILY = "1,2";
			};
			name = Debug;
		};
		E25BE2F41AE45C250078C504 /* Release */ = {
			isa = XCBuildConfiguration;
			buildSettings = {
				ASSETCATALOG_COMPILER_APPICON_NAME = AppIcon;
				INFOPLIST_FILE = TEST/Info.plist;
				IPHONEOS_DEPLOYMENT_TARGET = 7.1;
				LD_RUNPATH_SEARCH_PATHS = "$(inherited) @executable_path/Frameworks";
				PRODUCT_NAME = "$(TARGET_NAME)";
				TARGETED_DEVICE_FAMILY = "1,2";
			};
			name = Release;
		};
		E25BE2F61AE45C250078C504 /* Debug */ = {
			isa = XCBuildConfiguration;
			buildSettings = {
				BUNDLE_LOADER = "$(TEST_HOST)";
				FRAMEWORK_SEARCH_PATHS = (
					"$(SDKROOT)/Developer/Library/Frameworks",
					"$(inherited)",
				);
				GCC_PREPROCESSOR_DEFINITIONS = (
					"DEBUG=1",
					"$(inherited)",
				);
				INFOPLIST_FILE = TESTTests/Info.plist;
				LD_RUNPATH_SEARCH_PATHS = "$(inherited) @executable_path/Frameworks @loader_path/Frameworks";
				PRODUCT_NAME = "$(TARGET_NAME)";
				TEST_HOST = "$(BUILT_PRODUCTS_DIR)/TEST.app/TEST";
			};
			name = Debug;
		};
		E25BE2F71AE45C250078C504 /* Release */ = {
			isa = XCBuildConfiguration;
			buildSettings = {
				BUNDLE_LOADER = "$(TEST_HOST)";
				FRAMEWORK_SEARCH_PATHS = (
					"$(SDKROOT)/Developer/Library/Frameworks",
					"$(inherited)",
				);
				INFOPLIST_FILE = TESTTests/Info.plist;
				LD_RUNPATH_SEARCH_PATHS = "$(inherited) @executable_path/Frameworks @loader_path/Frameworks";
				PRODUCT_NAME = "$(TARGET_NAME)";
				TEST_HOST = "$(BUILT_PRODUCTS_DIR)/TEST.app/TEST";
			};
			name = Release;
		};
/* End XCBuildConfiguration section */

/* Begin XCConfigurationList section */
		E25BE2CE1AE45C250078C504 /* Build configuration list for PBXProject "TEST" */ = {
			isa = XCConfigurationList;
			buildConfigurations = (
				E25BE2F01AE45C250078C504 /* Debug */,
				E25BE2F11AE45C250078C504 /* Release */,
			);
			defaultConfigurationIsVisible = 0;
			defaultConfigurationName = Release;
		};
		E25BE2F21AE45C250078C504 /* Build configuration list for PBXNativeTarget "TEST" */ = {
			isa = XCConfigurationList;
			buildConfigurations = (
				E25BE2F31AE45C250078C504 /* Debug */,
				E25BE2F41AE45C250078C504 /* Release */,
			);
			defaultConfigurationIsVisible = 0;
			defaultConfigurationName = Release;
		};
		E25BE2F51AE45C250078C504 /* Build configuration list for PBXNativeTarget "TESTTests" */ = {
			isa = XCConfigurationList;
			buildConfigurations = (
				E25BE2F61AE45C250078C504 /* Debug */,
				E25BE2F71AE45C250078C504 /* Release */,
			);
			defaultConfigurationIsVisible = 0;
			defaultConfigurationName = Release;
		};
/* End XCConfigurationList section */
	};
	rootObject = E25BE2CB1AE45C250078C504 /* Project object */;
}
